
Microsoft Visual Studio Solution File, Format Version 12.00
# Visual Studio 15
VisualStudioVersion = 15.0.28307.168
MinimumVisualStudioVersion = 10.0.40219.1
Project("{FAE04EC0-301F-11D3-BF4B-00C04F79EFBC}") = "1-PrimeiroProjeto", "1-PrimeiroProjeto\1-PrimeiroProjeto.csproj", "{AA34915F-384C-434C-AC83-6BF76FC64F6A}"
EndProject
Project("{FAE04EC0-301F-11D3-BF4B-00C04F79EFBC}") = "2-CriandoVariaveis", "2-CriandoVariaveis\2-CriandoVariaveis.csproj", "{9CD43139-7364-4239-889E-2455D55E6C14}"
EndProject
Project("{FAE04EC0-301F-11D3-BF4B-00C04F79EFBC}") = "3-TestaPontoFlutuante", "3-TestaPontoFlutuante\3-TestaPontoFlutuante.csproj", "{5998B192-5C6C-4FCA-A607-FBA863F8592B}"
EndProject
Project("{FAE04EC0-301F-11D3-BF4B-00C04F79EFBC}") = "4-ConversoresEOutrosTiposNumericos", "4-ConversoresEOutrosTiposNumericos\4-ConversoresEOutrosTiposNumericos.csproj", "{565372E6-2A07-4AC1-9E31-ED1A91A44456}"
EndProject
Project("{FAE04EC0-301F-11D3-BF4B-00C04F79EFBC}") = "5-TestaCaracteres", "5-TestaCaracteres\5-TestaCaracteres.csproj", "{18CCA939-40FE-47E2-AF57-69CD5598D425}"
EndProject
Project("{FAE04EC0-301F-11D3-BF4B-00C04F79EFBC}") = "6-Condicional", "6-Condicional\6-Condicional.csproj", "{8A1B54F6-5633-45DE-81DC-EBAD53493304}"
EndProject
Project("{FAE04EC0-301F-11D3-BF4B-00C04F79EFBC}") = "7-Condicional2", "7-Condicional2\7-Condicional2.csproj", "{9D1B4154-C547-4459-AD0E-3A88E1AC1CBD}"
EndProject
Project("{FAE04EC0-301F-11D3-BF4B-00C04F79EFBC}") = "8-TestaEscopo", "8-TestaEscopo\8-TestaEscopo.csproj", "{78906C02-FFE3-4116-9BDD-8603629530F8}"
EndProject
Project("{FAE04EC0-301F-11D3-BF4B-00C04F79EFBC}") = "Exercicio-AlicotaComIfs", "Exercicio-AlicotaComIfs\Exercicio-AlicotaComIfs.csproj", "{89E60202-5BB7-4A37-99FD-43A4A6213E1E}"
EndProject
Global
	GlobalSection(SolutionConfigurationPlatforms) = preSolution
		Debug|Any CPU = Debug|Any CPU
		Release|Any CPU = Release|Any CPU
	EndGlobalSection
	GlobalSection(ProjectConfigurationPlatforms) = postSolution
		{AA34915F-384C-434C-AC83-6BF76FC64F6A}.Debug|Any CPU.ActiveCfg = Debug|Any CPU
		{AA34915F-384C-434C-AC83-6BF76FC64F6A}.Debug|Any CPU.Build.0 = Debug|Any CPU
		{AA34915F-384C-434C-AC83-6BF76FC64F6A}.Release|Any CPU.ActiveCfg = Release|Any CPU
		{AA34915F-384C-434C-AC83-6BF76FC64F6A}.Release|Any CPU.Build.0 = Release|Any CPU
		{9CD43139-7364-4239-889E-2455D55E6C14}.Debug|Any CPU.ActiveCfg = Debug|Any CPU
		{9CD43139-7364-4239-889E-2455D55E6C14}.Debug|Any CPU.Build.0 = Debug|Any CPU
		{9CD43139-7364-4239-889E-2455D55E6C14}.Release|Any CPU.ActiveCfg = Release|Any CPU
		{9CD43139-7364-4239-889E-2455D55E6C14}.Release|Any CPU.Build.0 = Release|Any CPU
		{5998B192-5C6C-4FCA-A607-FBA863F8592B}.Debug|Any CPU.ActiveCfg = Debug|Any CPU
		{5998B192-5C6C-4FCA-A607-FBA863F8592B}.Debug|Any CPU.Build.0 = Debug|Any CPU
		{5998B192-5C6C-4FCA-A607-FBA863F8592B}.Release|Any CPU.ActiveCfg = Release|Any CPU
		{5998B192-5C6C-4FCA-A607-FBA863F8592B}.Release|Any CPU.Build.0 = Release|Any CPU
		{565372E6-2A07-4AC1-9E31-ED1A91A44456}.Debug|Any CPU.ActiveCfg = Debug|Any CPU
		{565372E6-2A07-4AC1-9E31-ED1A91A44456}.Debug|Any CPU.Build.0 = Debug|Any CPU
		{565372E6-2A07-4AC1-9E31-ED1A91A44456}.Release|Any CPU.ActiveCfg = Release|Any CPU
		{565372E6-2A07-4AC1-9E31-ED1A91A44456}.Release|Any CPU.Build.0 = Release|Any CPU
		{18CCA939-40FE-47E2-AF57-69CD5598D425}.Debug|Any CPU.ActiveCfg = Debug|Any CPU
		{18CCA939-40FE-47E2-AF57-69CD5598D425}.Debug|Any CPU.Build.0 = Debug|Any CPU
		{18CCA939-40FE-47E2-AF57-69CD5598D425}.Release|Any CPU.ActiveCfg = Release|Any CPU
		{18CCA939-40FE-47E2-AF57-69CD5598D425}.Release|Any CPU.Build.0 = Release|Any CPU
		{8A1B54F6-5633-45DE-81DC-EBAD53493304}.Debug|Any CPU.ActiveCfg = Debug|Any CPU
		{8A1B54F6-5633-45DE-81DC-EBAD53493304}.Debug|Any CPU.Build.0 = Debug|Any CPU
		{8A1B54F6-5633-45DE-81DC-EBAD53493304}.Release|Any CPU.ActiveCfg = Release|Any CPU
		{8A1B54F6-5633-45DE-81DC-EBAD53493304}.Release|Any CPU.Build.0 = Release|Any CPU
		{9D1B4154-C547-4459-AD0E-3A88E1AC1CBD}.Debug|Any CPU.ActiveCfg = Debug|Any CPU
		{9D1B4154-C547-4459-AD0E-3A88E1AC1CBD}.Debug|Any CPU.Build.0 = Debug|Any CPU
		{9D1B4154-C547-4459-AD0E-3A88E1AC1CBD}.Release|Any CPU.ActiveCfg = Release|Any CPU
		{9D1B4154-C547-4459-AD0E-3A88E1AC1CBD}.Release|Any CPU.Build.0 = Release|Any CPU
		{78906C02-FFE3-4116-9BDD-8603629530F8}.Debug|Any CPU.ActiveCfg = Debug|Any CPU
		{78906C02-FFE3-4116-9BDD-8603629530F8}.Debug|Any CPU.Build.0 = Debug|Any CPU
		{78906C02-FFE3-4116-9BDD-8603629530F8}.Release|Any CPU.ActiveCfg = Release|Any CPU
		{78906C02-FFE3-4116-9BDD-8603629530F8}.Release|Any CPU.Build.0 = Release|Any CPU
		{89E60202-5BB7-4A37-99FD-43A4A6213E1E}.Debug|Any CPU.ActiveCfg = Debug|Any CPU
		{89E60202-5BB7-4A37-99FD-43A4A6213E1E}.Debug|Any CPU.Build.0 = Debug|Any CPU
		{89E60202-5BB7-4A37-99FD-43A4A6213E1E}.Release|Any CPU.ActiveCfg = Release|Any CPU
		{89E60202-5BB7-4A37-99FD-43A4A6213E1E}.Release|Any CPU.Build.0 = Release|Any CPU
	EndGlobalSection
	GlobalSection(SolutionProperties) = preSolution
		HideSolutionNode = FALSE
	EndGlobalSection
	GlobalSection(ExtensibilityGlobals) = postSolution
		SolutionGuid = {27110E8C-9BE0-4473-B239-8BE794AC5E9F}
	EndGlobalSection
EndGlobal
